
Microsoft Visual Studio Solution File, Format Version 12.00
# Visual Studio Version 16
VisualStudioVersion = 16.0.32602.291
MinimumVisualStudioVersion = 10.0.40219.1
Project("{8BC9CEB8-8B4A-11D0-8D11-00A0C91BC942}") = "Electrol Voting system", "Electrol Voting system.vcxproj", "{792D6607-2349-445E-9169-381E30A4B9FA}"
EndProject
Global
	GlobalSection(SolutionConfigurationPlatforms) = preSolution
		Debug|x64 = Debug|x64
		Debug|x86 = Debug|x86
		Release|x64 = Release|x64
		Release|x86 = Release|x86
	EndGlobalSection
	GlobalSection(ProjectConfigurationPlatforms) = postSolution
		{792D6607-2349-445E-9169-381E30A4B9FA}.Debug|x64.ActiveCfg = Debug|x64
		{792D6607-2349-445E-9169-381E30A4B9FA}.Debug|x64.Build.0 = Debug|x64
		{792D6607-2349-445E-9169-381E30A4B9FA}.Debug|x86.ActiveCfg = Debug|Win32
		{792D6607-2349-445E-9169-381E30A4B9FA}.Debug|x86.Build.0 = Debug|Win32
		{792D6607-2349-445E-9169-381E30A4B9FA}.Release|x64.ActiveCfg = Release|x64
		{792D6607-2349-445E-9169-381E30A4B9FA}.Release|x64.Build.0 = Release|x64
		{792D6607-2349-445E-9169-381E30A4B9FA}.Release|x86.ActiveCfg = Release|Win32
		{792D6607-2349-445E-9169-381E30A4B9FA}.Release|x86.Build.0 = Release|Win32
	EndGlobalSection
	GlobalSection(SolutionProperties) = preSolution
		HideSolutionNode = FALSE
	EndGlobalSection
	GlobalSection(ExtensibilityGlobals) = postSolution
		SolutionGuid = {E31763A2-8819-4F84-83F6-D6062C3A4018}
	EndGlobalSection
EndGlobal
